
Microsoft Visual Studio Solution File, Format Version 12.00
# Visual Studio Version 17
VisualStudioVersion = 17.4.33103.184
MinimumVisualStudioVersion = 10.0.40219.1
Project("{9A19103F-16F7-4668-BE54-9A1E7A4F7556}") = "CleanArqMvc.Domain", "CleanArqMvc.Domain\CleanArqMvc.Domain.csproj", "{C6C9A104-E508-41D2-B89A-59428F5F2407}"
EndProject
Project("{FAE04EC0-301F-11D3-BF4B-00C04F79EFBC}") = "CleanArchMvc.Application", "CleanArchMvc.Application\CleanArchMvc.Application.csproj", "{FDF7FB89-D757-49B1-A5C4-FFEBBB9AB23B}"
EndProject
Project("{FAE04EC0-301F-11D3-BF4B-00C04F79EFBC}") = "CleanArqMvc.Infra.Data", "CleanArqMvc.Infra.Data\CleanArqMvc.Infra.Data.csproj", "{A2603DDD-59B0-46C5-8DDA-C6390D3A268D}"
EndProject
Project("{FAE04EC0-301F-11D3-BF4B-00C04F79EFBC}") = "CleanArchMvc.Infra.Ioc", "CleanArchMvc.Infra.Ioc\CleanArchMvc.Infra.Ioc.csproj", "{AA933D1E-F4AA-475E-9C5E-731217A2680E}"
EndProject
Project("{FAE04EC0-301F-11D3-BF4B-00C04F79EFBC}") = "CleanArchMvc.WebUI", "CleanArchMvc.WebUI\CleanArchMvc.WebUI.csproj", "{3971D65A-A54B-4038-AEF5-45AC324D8D29}"
EndProject
Project("{FAE04EC0-301F-11D3-BF4B-00C04F79EFBC}") = "CleanArchMvc.Domain.Tests", "CleanArchMvc.Domain.Tests\CleanArchMvc.Domain.Tests.csproj", "{1D74FA13-874F-46D9-BCDC-2C48332F073C}"
EndProject
Global
	GlobalSection(SolutionConfigurationPlatforms) = preSolution
		Debug|Any CPU = Debug|Any CPU
		Release|Any CPU = Release|Any CPU
	EndGlobalSection
	GlobalSection(ProjectConfigurationPlatforms) = postSolution
		{C6C9A104-E508-41D2-B89A-59428F5F2407}.Debug|Any CPU.ActiveCfg = Debug|Any CPU
		{C6C9A104-E508-41D2-B89A-59428F5F2407}.Debug|Any CPU.Build.0 = Debug|Any CPU
		{C6C9A104-E508-41D2-B89A-59428F5F2407}.Release|Any CPU.ActiveCfg = Release|Any CPU
		{C6C9A104-E508-41D2-B89A-59428F5F2407}.Release|Any CPU.Build.0 = Release|Any CPU
		{FDF7FB89-D757-49B1-A5C4-FFEBBB9AB23B}.Debug|Any CPU.ActiveCfg = Debug|Any CPU
		{FDF7FB89-D757-49B1-A5C4-FFEBBB9AB23B}.Debug|Any CPU.Build.0 = Debug|Any CPU
		{FDF7FB89-D757-49B1-A5C4-FFEBBB9AB23B}.Release|Any CPU.ActiveCfg = Release|Any CPU
		{FDF7FB89-D757-49B1-A5C4-FFEBBB9AB23B}.Release|Any CPU.Build.0 = Release|Any CPU
		{A2603DDD-59B0-46C5-8DDA-C6390D3A268D}.Debug|Any CPU.ActiveCfg = Debug|Any CPU
		{A2603DDD-59B0-46C5-8DDA-C6390D3A268D}.Debug|Any CPU.Build.0 = Debug|Any CPU
		{A2603DDD-59B0-46C5-8DDA-C6390D3A268D}.Release|Any CPU.ActiveCfg = Release|Any CPU
		{A2603DDD-59B0-46C5-8DDA-C6390D3A268D}.Release|Any CPU.Build.0 = Release|Any CPU
		{AA933D1E-F4AA-475E-9C5E-731217A2680E}.Debug|Any CPU.ActiveCfg = Debug|Any CPU
		{AA933D1E-F4AA-475E-9C5E-731217A2680E}.Debug|Any CPU.Build.0 = Debug|Any CPU
		{AA933D1E-F4AA-475E-9C5E-731217A2680E}.Release|Any CPU.ActiveCfg = Release|Any CPU
		{AA933D1E-F4AA-475E-9C5E-731217A2680E}.Release|Any CPU.Build.0 = Release|Any CPU
		{3971D65A-A54B-4038-AEF5-45AC324D8D29}.Debug|Any CPU.ActiveCfg = Debug|Any CPU
		{3971D65A-A54B-4038-AEF5-45AC324D8D29}.Debug|Any CPU.Build.0 = Debug|Any CPU
		{3971D65A-A54B-4038-AEF5-45AC324D8D29}.Release|Any CPU.ActiveCfg = Release|Any CPU
		{3971D65A-A54B-4038-AEF5-45AC324D8D29}.Release|Any CPU.Build.0 = Release|Any CPU
		{1D74FA13-874F-46D9-BCDC-2C48332F073C}.Debug|Any CPU.ActiveCfg = Debug|Any CPU
		{1D74FA13-874F-46D9-BCDC-2C48332F073C}.Debug|Any CPU.Build.0 = Debug|Any CPU
		{1D74FA13-874F-46D9-BCDC-2C48332F073C}.Release|Any CPU.ActiveCfg = Release|Any CPU
		{1D74FA13-874F-46D9-BCDC-2C48332F073C}.Release|Any CPU.Build.0 = Release|Any CPU
	EndGlobalSection
	GlobalSection(SolutionProperties) = preSolution
		HideSolutionNode = FALSE
	EndGlobalSection
	GlobalSection(ExtensibilityGlobals) = postSolution
		SolutionGuid = {DDF3382B-251F-409E-BC75-82FE4DD1F81B}
	EndGlobalSection
EndGlobal
